
Microsoft Visual Studio Solution File, Format Version 12.00
# Visual Studio Version 16
VisualStudioVersion = 16.0.33027.164
MinimumVisualStudioVersion = 10.0.40219.1
Project("{FAE04EC0-301F-11D3-BF4B-00C04F79EFBC}") = "my-book", "my-book\my-book.csproj", "{DD1050BE-43E0-45DD-B9AF-D9C57A6BE237}"
EndProject
Global
	GlobalSection(SolutionConfigurationPlatforms) = preSolution
		Debug|Any CPU = Debug|Any CPU
		Release|Any CPU = Release|Any CPU
	EndGlobalSection
	GlobalSection(ProjectConfigurationPlatforms) = postSolution
		{DD1050BE-43E0-45DD-B9AF-D9C57A6BE237}.Debug|Any CPU.ActiveCfg = Debug|Any CPU
		{DD1050BE-43E0-45DD-B9AF-D9C57A6BE237}.Debug|Any CPU.Build.0 = Debug|Any CPU
		{DD1050BE-43E0-45DD-B9AF-D9C57A6BE237}.Release|Any CPU.ActiveCfg = Release|Any CPU
		{DD1050BE-43E0-45DD-B9AF-D9C57A6BE237}.Release|Any CPU.Build.0 = Release|Any CPU
	EndGlobalSection
	GlobalSection(SolutionProperties) = preSolution
		HideSolutionNode = FALSE
	EndGlobalSection
	GlobalSection(ExtensibilityGlobals) = postSolution
		SolutionGuid = {65B40BB9-6A48-419B-B4E9-92CFE3A724ED}
	EndGlobalSection
EndGlobal
